{
    "_meta": {
        "hash": {
            "sha256": "94529bf3c55a1d50e541e9c46aefa66b26e0f38c52a58be2679bf9af2325bb96"
        },
        "pipfile-spec": 6,
        "requires": {
            "python_version": "3.6"
        },
        "sources": [
            {
                "name": "pypi",
                "url": "https://pypi.org/simple",
                "verify_ssl": true
            }
        ]
    },
    "default": {
        "amqp": {
            "hashes": [
                "sha256:24dbaff8ce4f30566bb88976b398e8c4e77637171af3af6f1b9650f48890e60b",
                "sha256:bb68f8d2bced8f93ccfd07d96c689b716b3227720add971be980accfc2952139"
            ],
            "version": "==2.6.0"
        },
        "anyjson": {
            "hashes": [
                "sha256:37812d863c9ad3e35c0734c42e0bf0320ce8c3bed82cd20ad54cb34d158157ba"
            ],
            "version": "==0.3.3"
        },
        "arrow": {
            "hashes": [
                "sha256:3397e5448952e18e1295bf047014659effa5ae8da6a5371d37ff0ddc46fa6872",
                "sha256:6f54d9f016c0b7811fac9fb8c2c7fa7421d80c54dbdd75ffb12913c55db60b8a"
            ],
            "index": "pypi",
            "version": "==0.13.1"
        },
        "atomicwrites": {
            "hashes": [
                "sha256:6d1784dea7c0c8d4a5172b6c620f40b6e4cbfdf96d783691f2e1302a7b88e197",
                "sha256:ae70396ad1a434f9c7046fd2dd196fc04b12f9e91ffb859164193be8b6168a7a"
            ],
            "version": "==1.4.0"
        },
        "attrs": {
            "hashes": [
                "sha256:08a96c641c3a74e44eb59afb61a24f2cb9f4d7188748e76ba4bb5edfa3cb7d1c",
                "sha256:f7b7ce16570fe9965acd6d30101a28f62fb4a7f9e926b3bbc9b61f8b04247e72"
            ],
            "version": "==19.3.0"
        },
        "babel": {
            "hashes": [
                "sha256:1aac2ae2d0d8ea368fa90906567f5c08463d98ade155c0c4bfedd6a0f7160e38",
                "sha256:d670ea0b10f8b723672d3a6abeb87b565b244da220d76b4dba1b66269ec152d4"
            ],
            "version": "==2.8.0"
        },
        "billiard": {
            "hashes": [
                "sha256:bff575450859a6e0fbc2f9877d9b715b0bbc07c3565bb7ed2280526a0cdf5ede",
                "sha256:d91725ce6425f33a97dfa72fb6bfef0e47d4652acd98a032bd1a7fbf06d5fa6a"
            ],
            "version": "==3.6.3.0"
        },
        "celery": {
            "hashes": [
                "sha256:9ae2e73b93cc7d6b48b56aaf49a68c91752d0ffd7dfdcc47f842ca79a6f13eae",
                "sha256:c2037b6a8463da43b19969a0fc13f9023ceca6352b4dd51be01c66fbbb13647e"
            ],
            "version": "==4.4.4"
        },
        "certifi": {
            "hashes": [
                "sha256:1d987a998c75633c40847cc966fcf5904906c920a7f17ef374f5aa4282abd304",
                "sha256:51fcb31174be6e6664c5f69e3e1691a2d72a1a12e90f872cbdb1567eb47b6519"
            ],
            "version": "==2020.4.5.1"
        },
        "cffi": {
            "hashes": [
                "sha256:001bf3242a1bb04d985d63e138230802c6c8d4db3668fb545fb5005ddf5bb5ff",
                "sha256:00789914be39dffba161cfc5be31b55775de5ba2235fe49aa28c148236c4e06b",
                "sha256:028a579fc9aed3af38f4892bdcc7390508adabc30c6af4a6e4f611b0c680e6ac",
                "sha256:14491a910663bf9f13ddf2bc8f60562d6bc5315c1f09c704937ef17293fb85b0",
                "sha256:1cae98a7054b5c9391eb3249b86e0e99ab1e02bb0cc0575da191aedadbdf4384",
                "sha256:2089ed025da3919d2e75a4d963d008330c96751127dd6f73c8dc0c65041b4c26",
                "sha256:2d384f4a127a15ba701207f7639d94106693b6cd64173d6c8988e2c25f3ac2b6",
                "sha256:337d448e5a725bba2d8293c48d9353fc68d0e9e4088d62a9571def317797522b",
                "sha256:399aed636c7d3749bbed55bc907c3288cb43c65c4389964ad5ff849b6370603e",
                "sha256:3b911c2dbd4f423b4c4fcca138cadde747abdb20d196c4a48708b8a2d32b16dd",
                "sha256:3d311bcc4a41408cf5854f06ef2c5cab88f9fded37a3b95936c9879c1640d4c2",
                "sha256:62ae9af2d069ea2698bf536dcfe1e4eed9090211dbaafeeedf5cb6c41b352f66",
                "sha256:66e41db66b47d0d8672d8ed2708ba91b2f2524ece3dee48b5dfb36be8c2f21dc",
                "sha256:675686925a9fb403edba0114db74e741d8181683dcf216be697d208857e04ca8",
                "sha256:7e63cbcf2429a8dbfe48dcc2322d5f2220b77b2e17b7ba023d6166d84655da55",
                "sha256:8a6c688fefb4e1cd56feb6c511984a6c4f7ec7d2a1ff31a10254f3c817054ae4",
                "sha256:8c0ffc886aea5df6a1762d0019e9cb05f825d0eec1f520c51be9d198701daee5",
                "sha256:95cd16d3dee553f882540c1ffe331d085c9e629499ceadfbda4d4fde635f4b7d",
                "sha256:99f748a7e71ff382613b4e1acc0ac83bf7ad167fb3802e35e90d9763daba4d78",
                "sha256:b8c78301cefcf5fd914aad35d3c04c2b21ce8629b5e4f4e45ae6812e461910fa",
                "sha256:c420917b188a5582a56d8b93bdd8e0f6eca08c84ff623a4c16e809152cd35793",
                "sha256:c43866529f2f06fe0edc6246eb4faa34f03fe88b64a0a9a942561c8e22f4b71f",
                "sha256:cab50b8c2250b46fe738c77dbd25ce017d5e6fb35d3407606e7a4180656a5a6a",
                "sha256:cef128cb4d5e0b3493f058f10ce32365972c554572ff821e175dbc6f8ff6924f",
                "sha256:cf16e3cf6c0a5fdd9bc10c21687e19d29ad1fe863372b5543deaec1039581a30",
                "sha256:e56c744aa6ff427a607763346e4170629caf7e48ead6921745986db3692f987f",
                "sha256:e577934fc5f8779c554639376beeaa5657d54349096ef24abe8c74c5d9c117c3",
                "sha256:f2b0fa0c01d8a0c7483afd9f31d7ecf2d71760ca24499c8697aeb5ca37dc090c"
            ],
            "version": "==1.14.0"
        },
        "chardet": {
            "hashes": [
                "sha256:84ab92ed1c4d4f16916e05906b6b75a6c0fb5db821cc65e70cbd64a3e2a5eaae",
                "sha256:fc323ffcaeaed0e0a02bf4d117757b98aed530d9ed4531e3e15460124c106691"
            ],
            "version": "==3.0.4"
        },
        "codecov": {
            "hashes": [
                "sha256:8ed8b7c6791010d359baed66f84f061bba5bd41174bf324c31311e8737602788",
                "sha256:ae00d68e18d8a20e9c3288ba3875ae03db3a8e892115bf9b83ef20507732bed4"
            ],
            "index": "pypi",
            "version": "==2.0.15"
        },
        "coverage": {
            "hashes": [
                "sha256:00f1d23f4336efc3b311ed0d807feb45098fc86dee1ca13b3d6768cdab187c8a",
                "sha256:01333e1bd22c59713ba8a79f088b3955946e293114479bbfc2e37d522be03355",
                "sha256:0cb4be7e784dcdc050fc58ef05b71aa8e89b7e6636b99967fadbdba694cf2b65",
                "sha256:0e61d9803d5851849c24f78227939c701ced6704f337cad0a91e0972c51c1ee7",
                "sha256:1601e480b9b99697a570cea7ef749e88123c04b92d84cedaa01e117436b4a0a9",
                "sha256:2742c7515b9eb368718cd091bad1a1b44135cc72468c731302b3d641895b83d1",
                "sha256:2d27a3f742c98e5c6b461ee6ef7287400a1956c11421eb574d843d9ec1f772f0",
                "sha256:402e1744733df483b93abbf209283898e9f0d67470707e3c7516d84f48524f55",
                "sha256:5c542d1e62eece33c306d66fe0a5c4f7f7b3c08fecc46ead86d7916684b36d6c",
                "sha256:5f2294dbf7875b991c381e3d5af2bcc3494d836affa52b809c91697449d0eda6",
                "sha256:6402bd2fdedabbdb63a316308142597534ea8e1895f4e7d8bf7476c5e8751fef",
                "sha256:66460ab1599d3cf894bb6baee8c684788819b71a5dc1e8fa2ecc152e5d752019",
                "sha256:782caea581a6e9ff75eccda79287daefd1d2631cc09d642b6ee2d6da21fc0a4e",
                "sha256:79a3cfd6346ce6c13145731d39db47b7a7b859c0272f02cdb89a3bdcbae233a0",
                "sha256:7a5bdad4edec57b5fb8dae7d3ee58622d626fd3a0be0dfceda162a7035885ecf",
                "sha256:8fa0cbc7ecad630e5b0f4f35b0f6ad419246b02bc750de7ac66db92667996d24",
                "sha256:a027ef0492ede1e03a8054e3c37b8def89a1e3c471482e9f046906ba4f2aafd2",
                "sha256:a3f3654d5734a3ece152636aad89f58afc9213c6520062db3978239db122f03c",
                "sha256:a82b92b04a23d3c8a581fc049228bafde988abacba397d57ce95fe95e0338ab4",
                "sha256:acf3763ed01af8410fc36afea23707d4ea58ba7e86a8ee915dfb9ceff9ef69d0",
                "sha256:adeb4c5b608574a3d647011af36f7586811a2c1197c861aedb548dd2453b41cd",
                "sha256:b83835506dfc185a319031cf853fa4bb1b3974b1f913f5bb1a0f3d98bdcded04",
                "sha256:bb28a7245de68bf29f6fb199545d072d1036a1917dca17a1e75bbb919e14ee8e",
                "sha256:bf9cb9a9fd8891e7efd2d44deb24b86d647394b9705b744ff6f8261e6f29a730",
                "sha256:c317eaf5ff46a34305b202e73404f55f7389ef834b8dbf4da09b9b9b37f76dd2",
                "sha256:dbe8c6ae7534b5b024296464f387d57c13caa942f6d8e6e0346f27e509f0f768",
                "sha256:de807ae933cfb7f0c7d9d981a053772452217df2bf38e7e6267c9cbf9545a796",
                "sha256:dead2ddede4c7ba6cb3a721870f5141c97dc7d85a079edb4bd8d88c3ad5b20c7",
                "sha256:dec5202bfe6f672d4511086e125db035a52b00f1648d6407cc8e526912c0353a",
                "sha256:e1ea316102ea1e1770724db01998d1603ed921c54a86a2efcb03428d5417e489",
                "sha256:f90bfc4ad18450c80b024036eaf91e4a246ae287701aaa88eaebebf150868052"
            ],
            "version": "==5.1"
        },
        "coveralls": {
            "hashes": [
                "sha256:baa26648430d5c2225ab12d7e2067f75597a4b967034bba7e3d5ab7501d207a1",
                "sha256:ff9b7823b15070f26f654837bb02a201d006baaf2083e0514ffd3b34a3ffed81"
            ],
            "index": "pypi",
            "version": "==1.7.0"
        },
        "cryptography": {
            "hashes": [
                "sha256:091d31c42f444c6f519485ed528d8b451d1a0c7bf30e8ca583a0cac44b8a0df6",
                "sha256:18452582a3c85b96014b45686af264563e3e5d99d226589f057ace56196ec78b",
                "sha256:1dfa985f62b137909496e7fc182dac687206d8d089dd03eaeb28ae16eec8e7d5",
                "sha256:1e4014639d3d73fbc5ceff206049c5a9a849cefd106a49fa7aaaa25cc0ce35cf",
                "sha256:22e91636a51170df0ae4dcbd250d318fd28c9f491c4e50b625a49964b24fe46e",
                "sha256:3b3eba865ea2754738616f87292b7f29448aec342a7c720956f8083d252bf28b",
                "sha256:651448cd2e3a6bc2bb76c3663785133c40d5e1a8c1a9c5429e4354201c6024ae",
                "sha256:726086c17f94747cedbee6efa77e99ae170caebeb1116353c6cf0ab67ea6829b",
                "sha256:844a76bc04472e5135b909da6aed84360f522ff5dfa47f93e3dd2a0b84a89fa0",
                "sha256:88c881dd5a147e08d1bdcf2315c04972381d026cdb803325c03fe2b4a8ed858b",
                "sha256:96c080ae7118c10fcbe6229ab43eb8b090fccd31a09ef55f83f690d1ef619a1d",
                "sha256:a0c30272fb4ddda5f5ffc1089d7405b7a71b0b0f51993cb4e5dbb4590b2fc229",
                "sha256:bb1f0281887d89617b4c68e8db9a2c42b9efebf2702a3c5bf70599421a8623e3",
                "sha256:c447cf087cf2dbddc1add6987bbe2f767ed5317adb2d08af940db517dd704365",
                "sha256:c4fd17d92e9d55b84707f4fd09992081ba872d1a0c610c109c18e062e06a2e55",
                "sha256:d0d5aeaedd29be304848f1c5059074a740fa9f6f26b84c5b63e8b29e73dfc270",
                "sha256:daf54a4b07d67ad437ff239c8a4080cfd1cc7213df57d33c97de7b4738048d5e",
                "sha256:e993468c859d084d5579e2ebee101de8f5a27ce8e2159959b6673b418fd8c785",
                "sha256:f118a95c7480f5be0df8afeb9a11bd199aa20afab7a96bcf20409b411a3a85f0"
            ],
            "version": "==2.9.2"
        },
        "django": {
            "hashes": [
                "sha256:84f370f6acedbe1f3c41e1a02de44ac206efda3355e427139ecb785b5f596d80",
                "sha256:e8fe3c2b2212dce6126becab7a693157f1a441a07b62ec994c046c76af5bb66d"
            ],
            "index": "pypi",
            "version": "==2.2.13"
        },
        "django-admin-generator": {
            "hashes": [
                "sha256:c045e38ecf5408c6a551d9893e29ecd2b9dbdbb0dd2b382e0a868559a8a3bf34",
                "sha256:e1a3dee34fa8058782f245c833b231df35985e2a058c5303e3095ed032e2df49"
            ],
            "index": "pypi",
            "version": "==2.1.0"
        },
        "django-annoying": {
            "hashes": [
                "sha256:93f54d244d453cba28d6cfb9deae7bba27e859762adee9ff7de4706017940931",
                "sha256:ee620f9bfe439061010c7d5ccc8c69514844d95c370c130c61938205fcfc4cc9"
            ],
            "index": "pypi",
            "version": "==0.10.4"
        },
        "django-betterforms": {
            "hashes": [
                "sha256:7d61ad6302793daba6f5f15fbb1dbe68785b6fe31a508df1da404814bc537acc"
            ],
            "index": "pypi",
            "version": "==1.2"
        },
        "django-braces": {
            "hashes": [
                "sha256:a457d74ea29478123c0c4652272681b3cea0bf1232187fd9f9b6f1d97d32a890",
                "sha256:ba68e98b817c6f01d71d10849f359979617b3fe4cefb7f289adefddced092ddc"
            ],
            "index": "pypi",
            "version": "==1.13.0"
        },
        "django-celery-beat": {
            "hashes": [
                "sha256:3c2c22647455be5503aca7450db64ea53acacee2d0aef3d7ac49aa3ef3845724",
                "sha256:bfc22dad2884524697e1fcdfa63c0555a65151a97902c3045cd2cf7bf63970e4"
            ],
            "index": "pypi",
            "version": "==1.4.0"
        },
        "django-debug-toolbar": {
            "hashes": [
                "sha256:89d75b60c65db363fb24688d977e5fbf0e73386c67acf562d278402a10fc3736",
                "sha256:c2b0134119a624f4ac9398b44f8e28a01c7686ac350a12a74793f3dd57a9eea0"
            ],
            "index": "pypi",
            "version": "==1.11"
        },
        "django-dynamic-fixture": {
            "hashes": [
                "sha256:f8f44d8276fddb8a89a48c623fbf11d49e912e44cdee66785b7da85731f840aa"
            ],
            "index": "pypi",
            "version": "==2.0.0"
        },
        "django-environ": {
            "hashes": [
                "sha256:6c9d87660142608f63ec7d5ce5564c49b603ea8ff25da595fd6098f6dc82afde",
                "sha256:c57b3c11ec1f319d9474e3e5a79134f40174b17c7cc024bbb2fad84646b120c4"
            ],
            "index": "pypi",
            "version": "==0.4.5"
        },
        "django-extensions": {
            "hashes": [
                "sha256:109004f80b6f45ad1f56addaa59debca91d94aa0dc1cb19678b9364b4fe9b6f4",
                "sha256:307766e5e6c1caffe76c5d99239d8115d14ae3f7cab2cd991fcffd763dad904b"
            ],
            "index": "pypi",
            "version": "==2.1.6"
        },
        "django-phonenumber-field": {
            "hashes": [
                "sha256:1318c09f4e4c1caed8b9351d0e49b0d41a2e68ca323b8930fe1562b632629ab1",
                "sha256:b2d1e9899809b92e07af5484e50c5c79364070fffbf13a1da117ecf0553e8157"
            ],
            "index": "pypi",
            "version": "==2.3.1"
        },
        "django-scheduler": {
            "hashes": [
                "sha256:264dbfe50df1116ea418a37516ae53fa4f07032d153e1481ea5e178e96eea4c3",
                "sha256:7d61c27a13540dc8884cf550cabc212954cf64737d07d5344bcdd6a764b30130"
            ],
            "index": "pypi",
            "version": "==0.8.8"
        },
        "django-tables2": {
            "hashes": [
                "sha256:28da782f81f046c7d921246f43e7ba2df430cafe5a0e00a0f9dadef25a0e487d",
                "sha256:7e425ad51e22caf5470351981f0fcd4fd35d4cf2d4c3b76fa1b7bf56251778d1"
            ],
            "version": "==2.3.1"
        },
        "django-tables2-simplefilter": {
            "hashes": [
                "sha256:cb280ccdaaca06b9e5a7f65a3c2c5d397f2d757f91f28e205d2948e82eee929c"
            ],
            "index": "pypi",
            "version": "==0.1"
        },
        "django-timezone-field": {
            "hashes": [
                "sha256:758b7d41084e9ea2e89e59eb616e9b6326e6fbbf9d14b6ef062d624fe8cc6246",
                "sha256:7e3620fe2211c2d372fad54db8f86ff884098d018d56fda4dca5e64929e05ffc"
            ],
            "version": "==4.0"
        },
        "django-utils2": {
            "hashes": [
                "sha256:750c9373fb70c1afbd4f7517f8395b983dcd15329567ff4382ca0a7a3042c007",
                "sha256:e5b7c02be51e39566305240af99adcbc473d93f4fd70fd5b495176466136dd9b"
            ],
            "version": "==2.8.0"
        },
        "django-uuidfield": {
            "hashes": [
                "sha256:ec7db94ff6fc5b2a2f8edf6a9ab29b401a6a63d4523840fa0a3f1286ea45de86"
            ],
            "index": "pypi",
            "version": "==0.5.0"
        },
        "djangorestframework": {
            "hashes": [
                "sha256:8a435df9007c8b7d8e69a21ef06650e3c0cbe0d4b09e55dd1bd74c89a75a9fcd",
                "sha256:f7a266260d656e1cf4ca54d7a7349609dc8af4fe2590edd0ecd7d7643ea94a17"
            ],
            "index": "pypi",
            "version": "==3.9.2"
        },
        "dnspython": {
            "hashes": [
                "sha256:36c5e8e38d4369a08b6780b7f27d790a292b2b08eea01607865bf0936c558e01",
                "sha256:f69c21288a962f4da86e56c4905b49d11aba7938d3d740e80d9e366ee4f1632d"
            ],
            "index": "pypi",
            "version": "==1.16.0"
        },
        "docopt": {
            "hashes": [
                "sha256:49b3a825280bd66b3aa83585ef59c4a8c82f2c8a522dbe754a8bc8d08c85c491"
            ],
            "version": "==0.6.2"
        },
        "enum34": {
            "hashes": [
                "sha256:2d81cbbe0e73112bdfe6ef8576f2238f2ba27dd0d55752a776c41d38b7da2850",
                "sha256:644837f692e5f550741432dd3f223bbb9852018674981b1664e5dc339387588a",
                "sha256:6bd0f6ad48ec2aa117d3d141940d484deccda84d4fcd884f5c3d93c23ecd8c79",
                "sha256:8ad8c4783bf61ded74527bffb48ed9b54166685e4230386a9ed9b1279e2df5b1"
            ],
            "index": "pypi",
            "version": "==1.1.6"
        },
        "faker": {
            "hashes": [
                "sha256:74b32991f8e08e4f2f84858b919eca253becfaec4b3fa5fcff7fdbd70d5d78b1",
                "sha256:c2ce42dd8361e6d392276006d757532562463c8642b1086709584200b7fd7758"
            ],
            "version": "==0.9.1"
        },
        "future": {
            "hashes": [
                "sha256:67045236dcfd6816dc439556d009594abf643e5eb48992e36beac09c2ca659b8"
            ],
            "index": "pypi",
            "version": "==0.17.1"
        },
        "gunicorn": {
            "hashes": [
                "sha256:aa8e0b40b4157b36a5df5e599f45c9c76d6af43845ba3b3b0efe2c70473c2471",
                "sha256:fa2662097c66f920f53f70621c6c58ca4a3c4d3434205e608e121b5b3b71f4f3"
            ],
            "index": "pypi",
            "version": "==19.9.0"
        },
        "httplib2": {
            "hashes": [
                "sha256:8af66c1c52c7ffe1aa5dc4bcd7c769885254b0756e6e69f953c7f0ab49a70ba3",
                "sha256:ca2914b015b6247791c4866782fa6042f495b94401a0f0bd3e1d6e0ba2236782"
            ],
            "version": "==0.18.1"
        },
        "hypchat": {
            "hashes": [
                "sha256:ef37a9cd8103bb13ad772b28ba9223ca9d4278371e374450c3ea2918df70a8e9"
            ],
            "index": "pypi",
            "version": "==0.21"
        },
        "icalendar": {
            "hashes": [
                "sha256:2f400b37353160af259019938e4397bf823f06a67ce9c50a58b95eb563720f00",
                "sha256:7e6fe7232622abe32d8f54d0936ffcd5a9087198a4c2f1ec1803a7dd9fdd979f"
            ],
            "version": "==4.0.6"
        },
        "idna": {
            "hashes": [
                "sha256:7588d1c14ae4c77d74036e8c22ff447b26d0fde8f007354fd48a7814db15b7cb",
                "sha256:a068a21ceac8a4d63dbfd964670474107f541babbd2250d61922f029858365fa"
            ],
            "version": "==2.9"
        },
        "importlib-metadata": {
            "hashes": [
                "sha256:2a688cbaa90e0cc587f1df48bdc97a6eadccdcd9c35fb3f976a09e3b5016d90f",
                "sha256:34513a8a0c4962bc66d35b359558fd8a5e10cd472d37aec5f66858addef32c1e"
            ],
            "markers": "python_version < '3.8'",
            "version": "==1.6.0"
        },
        "ipaddress": {
            "hashes": [
                "sha256:64b28eec5e78e7510698f6d4da08800a5c575caa4a286c93d651c5d3ff7b6794",
                "sha256:b146c751ea45cad6188dd6cf2d9b757f6f4f8d6ffb96a023e6f2e26eea02a72c"
            ],
            "index": "pypi",
            "version": "==1.0.22"
        },
        "kombu": {
            "hashes": [
                "sha256:437b9cdea193cc2ed0b8044c85fd0f126bb3615ca2f4d4a35b39de7cacfa3c1a",
                "sha256:dc282bb277197d723bccda1a9ba30a27a28c9672d0ab93e9e51bb05a37bd29c3"
            ],
            "version": "==4.6.10"
        },
        "mixer": {
            "hashes": [
                "sha256:3601e84134b79cd4ac663f79a39fc3005d6a3f37692e7062cc3c0a727ab79940",
                "sha256:f1ccab542a1304d7b3da5d6ebe9f53de1aac2288427121a3a54a63e08c3a5367"
            ],
            "index": "pypi",
            "version": "==6.1.3"
        },
        "more-itertools": {
            "hashes": [
                "sha256:558bb897a2232f5e4f8e2399089e35aecb746e1f9191b6584a151647e89267be",
                "sha256:7818f596b1e87be009031c7653d01acc46ed422e6656b394b0f765ce66ed4982"
            ],
            "markers": "python_version > '2.7'",
            "version": "==8.3.0"
        },
        "oauth2client": {
            "hashes": [
                "sha256:b8a81cc5d60e2d364f0b1b98f958dbd472887acaf1a5b05e21c28c31a2d6d3ac",
                "sha256:d486741e451287f69568a4d26d70d9acd73a2bbfa275746c535b4209891cccc6"
            ],
            "index": "pypi",
            "version": "==4.1.3"
        },
        "phonenumbers": {
            "hashes": [
                "sha256:dabc8cfcff96446b0787ea337739ea286ec3949ec27a4790a9b4587817da5c5f",
                "sha256:efac24159582581d8ac467b5fc23fea298b1c101e6947f37c2ab666ec18f6cde"
            ],
            "index": "pypi",
            "version": "==8.10.10"
        },
        "pluggy": {
            "hashes": [
                "sha256:15b2acde666561e1298d71b523007ed7364de07029219b604cf808bfa1c765b0",
                "sha256:966c145cd83c96502c3c3868f50408687b38434af77734af1e9ca461a4081d2d"
            ],
            "version": "==0.13.1"
        },
        "psycopg2-binary": {
            "hashes": [
                "sha256:007ca0df127b1862fc010125bc4100b7a630efc6841047bd11afceadb4754611",
                "sha256:03c49e02adf0b4d68f422fdbd98f7a7c547beb27e99a75ed02298f85cb48406a",
                "sha256:0a1232cdd314e08848825edda06600455ad2a7adaa463ebfb12ece2d09f3370e",
                "sha256:131c80d0958c89273d9720b9adf9df1d7600bb3120e16019a7389ab15b079af5",
                "sha256:2de34cc3b775724623f86617d2601308083176a495f5b2efc2bbb0da154f483a",
                "sha256:2eddc31500f73544a2a54123d4c4b249c3c711d31e64deddb0890982ea37397a",
                "sha256:484f6c62bdc166ee0e5be3aa831120423bf399786d1f3b0304526c86180fbc0b",
                "sha256:4c2d9369ed40b4a44a8ccd6bc3a7db6272b8314812d2d1091f95c4c836d92e06",
                "sha256:70f570b5fa44413b9f30dbc053d17ef3ce6a4100147a10822f8662e58d473656",
                "sha256:7a2b5b095f3bd733aab101c89c0e1a3f0dfb4ebdc26f6374805c086ffe29d5b2",
                "sha256:804914a669186e2843c1f7fbe12b55aad1b36d40a28274abe6027deffad9433d",
                "sha256:8520c03172da18345d012949a53617a963e0191ccb3c666f23276d5326af27b5",
                "sha256:90da901fc33ea393fc644607e4a3916b509387e9339ec6ebc7bfded45b7a0ae9",
                "sha256:a582416ad123291a82c300d1d872bdc4136d69ad0b41d57dc5ca3df7ef8e3088",
                "sha256:ac8c5e20309f4989c296d62cac20ee456b69c41fd1bc03829e27de23b6fa9dd0",
                "sha256:b2cf82f55a619879f8557fdaae5cec7a294fac815e0087c4f67026fdf5259844",
                "sha256:b59d6f8cfca2983d8fdbe457bf95d2192f7b7efdb2b483bf5fa4e8981b04e8b2",
                "sha256:be08168197021d669b9964bd87628fa88f910b1be31e7010901070f2540c05fd",
                "sha256:be0f952f1c365061041bad16e27e224e29615d4eb1fb5b7e7760a1d3d12b90b6",
                "sha256:c1c9a33e46d7c12b9c96cf2d4349d783e3127163fd96254dcd44663cf0a1d438",
                "sha256:d18c89957ac57dd2a2724ecfe9a759912d776f96ecabba23acb9ecbf5c731035",
                "sha256:d7e7b0ff21f39433c50397e60bf0995d078802c591ca3b8d99857ea18a7496ee",
                "sha256:da0929b2bf0d1f365345e5eb940d8713c1d516312e010135b14402e2a3d2404d",
                "sha256:de24a4962e361c512d3e528ded6c7480eab24c655b8ca1f0b761d3b3650d2f07",
                "sha256:e45f93ff3f7dae2202248cf413a87aeb330821bf76998b3cf374eda2fc893dd7",
                "sha256:f046aeae1f7a845041b8661bb7a52449202b6c5d3fb59eb4724e7ca088811904",
                "sha256:f1dc2b7b2748084b890f5d05b65a47cd03188824890e9a60818721fd492249fb",
                "sha256:fcbe7cf3a786572b73d2cd5f34ed452a5f5fac47c9c9d1e0642c457a148f9f88"
            ],
            "index": "pypi",
            "version": "==2.8.2"
        },
        "py": {
            "hashes": [
                "sha256:5e27081401262157467ad6e7f851b7aa402c5852dbcb3dae06768434de5752aa",
                "sha256:c20fdd83a5dbc0af9efd622bee9a5564e278f6380fffcacc43ba6f43db2813b0"
            ],
            "version": "==1.8.1"
        },
        "pyasn1": {
            "hashes": [
                "sha256:39c7e2ec30515947ff4e87fb6f456dfc6e84857d34be479c9d4a4ba4bf46aa5d",
                "sha256:aef77c9fb94a3ac588e87841208bdec464471d9871bd5050a287cc9a475cd0ba"
            ],
            "version": "==0.4.8"
        },
        "pyasn1-modules": {
            "hashes": [
                "sha256:905f84c712230b2c592c19470d3ca8d552de726050d1d1716282a1f6146be65e",
                "sha256:a50b808ffeb97cb3601dd25981f6b016cbb3d31fbf57a8b8a87428e6158d0c74"
            ],
            "version": "==0.2.8"
        },
        "pycparser": {
            "hashes": [
                "sha256:2d475327684562c3a96cc71adf7dc8c4f0565175cf86b6d7a404ff4c771f15f0",
                "sha256:7582ad22678f0fcd81102833f60ef8d0e57288b6b5fb00323d101be910e35705"
            ],
            "version": "==2.20"
        },
        "pyopenssl": {
            "hashes": [
                "sha256:aeca66338f6de19d1aa46ed634c3b9ae519a64b458f8468aec688e7e3c20f200",
                "sha256:c727930ad54b10fc157015014b666f2d8b41f70c0d03e83ab67624fd3dd5d1e6"
            ],
            "index": "pypi",
            "version": "==19.0.0"
        },
        "pytest": {
            "hashes": [
                "sha256:3773f4c235918987d51daf1db66d51c99fac654c81d6f2f709a046ab446d5e5d",
                "sha256:b7802283b70ca24d7119b32915efa7c409982f59913c1a6c0640aacf118b95f5"
            ],
            "index": "pypi",
            "version": "==4.4.1"
        },
        "pytest-cov": {
            "hashes": [
                "sha256:0ab664b25c6aa9716cbf203b17ddb301932383046082c081b9848a0edf5add33",
                "sha256:230ef817450ab0699c6cc3c9c8f7a829c34674456f2ed8df1fe1d39780f7c87f"
            ],
            "index": "pypi",
            "version": "==2.6.1"
        },
        "pytest-django": {
            "hashes": [
                "sha256:30d773f1768e8f214a3106f1090e00300ce6edfcac8c55fd13b675fe1cbd1c85",
                "sha256:4d3283e774fe1d40630ee58bf34929b83875e4751b525eeb07a7506996eb42ee"
            ],
            "index": "pypi",
            "version": "==3.4.8"
        },
        "pyth": {
            "hashes": [
                "sha256:85a033904d4a81d194aa1f8cc2b588f64fd5b81c3a4db52ec3896a8c23213cac"
            ],
            "index": "pypi",
            "version": "==0.6.0"
        },
        "python-crontab": {
            "hashes": [
                "sha256:4bbe7e720753a132ca4ca9d4094915f40e9d9dc8a807a4564007651018ce8c31"
            ],
            "version": "==2.5.1"
        },
        "python-dateutil": {
            "hashes": [
                "sha256:73ebfe9dbf22e832286dafa60473e4cd239f8592f699aa5adaf10050e6e1823c",
                "sha256:75bb3f31ea686f1197762692a9ee6a7550b59fc6ca3a1f4b5d7e32fb98e2da2a"
            ],
            "version": "==2.8.1"
        },
        "python-utils": {
            "hashes": [
                "sha256:ebaadab29d0cb9dca0a82eab9c405f5be5125dbbff35b8f32cc433fa498dbaa7",
                "sha256:f21fc09ff58ea5ebd1fd2e8ef7f63e39d456336900f26bdc9334a03a3f7d8089"
            ],
            "version": "==2.4.0"
        },
        "pytz": {
            "hashes": [
                "sha256:a494d53b6d39c3c6e44c3bec237336e14305e4f29bbf800b599253057fbb79ed",
                "sha256:c35965d010ce31b23eeb663ed3cc8c906275d6be1a34393a1d73a41febf4a048"
            ],
            "version": "==2020.1"
        },
        "redis": {
            "hashes": [
                "sha256:6946b5dca72e86103edc8033019cc3814c031232d339d5f4533b02ea85685175",
                "sha256:8ca418d2ddca1b1a850afa1680a7d2fd1f3322739271de4b704e0d4668449273"
            ],
            "index": "pypi",
            "version": "==3.2.1"
        },
        "requests": {
            "hashes": [
                "sha256:43999036bfa82904b6af1d99e4882b560e5e2c68e5c4b0aa03b655f3d7d73fee",
                "sha256:b3f43d496c6daba4493e7c431722aeb7dbc6288f52a6e04e7b6023b0247817e6"
            ],
            "version": "==2.23.0"
        },
        "rsa": {
            "hashes": [
                "sha256:14ba45700ff1ec9eeb206a2ce76b32814958a98e372006c8fb76ba820211be66",
                "sha256:1a836406405730121ae9823e19c6e806c62bbad73f890574fff50efa4122c487"
            ],
            "version": "==4.0"
        },
        "six": {
            "hashes": [
                "sha256:30639c035cdb23534cd4aa2dd52c3bf48f06e5f4a941509c8bafd8ce11080259",
                "sha256:8b74bedcbbbaca38ff6d7491d76f2b06b3592611af620f8426e82dddb04a5ced"
            ],
            "version": "==1.15.0"
        },
        "slacker": {
            "hashes": [
                "sha256:f4c55415096229c1cc616c1504d93672b05521e5499a9be26475e0a9a623c4dc"
            ],
            "index": "pypi",
            "version": "==0.13.0"
        },
        "sqlparse": {
            "hashes": [
                "sha256:022fb9c87b524d1f7862b3037e541f68597a730a8843245c349fc93e1643dc4e",
                "sha256:e162203737712307dfe78860cc56c8da8a852ab2ee33750e33aeadf38d12c548"
            ],
            "version": "==0.3.1"
        },
        "text-unidecode": {
            "hashes": [
                "sha256:5a1375bb2ba7968740508ae38d92e1f889a0832913cb1c447d5e2046061a396d",
                "sha256:801e38bd550b943563660a91de8d4b6fa5df60a542be9093f7abf819f86050cc"
            ],
            "version": "==1.2"
        },
        "urllib3": {
            "hashes": [
                "sha256:3018294ebefce6572a474f0604c2021e33b3fd8006ecd11d62107a5d2a963527",
                "sha256:88206b0eb87e6d677d424843ac5209e3fb9d0190d0ee169599165ec25e9d9115"
            ],
            "version": "==1.25.9"
        },
        "vine": {
            "hashes": [
                "sha256:133ee6d7a9016f177ddeaf191c1f58421a1dcc6ee9a42c58b34bed40e1d2cd87",
                "sha256:ea4947cc56d1fd6f2095c8d543ee25dad966f78692528e68b4fada11ba3f98af"
            ],
            "version": "==1.3.0"
        },
        "vobject": {
            "hashes": [
                "sha256:96512aec74b90abb71f6b53898dd7fe47300cc940104c4f79148f0671f790101"
            ],
            "index": "pypi",
            "version": "==0.9.6.1"
        },
        "werkzeug": {
            "hashes": [
                "sha256:0a73e8bb2ff2feecfc5d56e6f458f5b99290ef34f565ffb2665801ff7de6af7a",
                "sha256:7fad9770a8778f9576693f0cc29c7dcc36964df916b83734f4431c0e612a7fbc"
            ],
            "index": "pypi",
            "version": "==0.15.2"
        },
        "zipp": {
            "hashes": [
                "sha256:aa36550ff0c0b7ef7fa639055d797116ee891440eac1a56f378e2d3179e0320b",
                "sha256:c599e4d75c98f6798c509911d08a22e6c021d074469042177c8c86fb92eefd96"
            ],
            "version": "==3.1.0"
        }
    },
    "develop": {}
}
